<Solution>
  <Project
    Path="Taurit.TodoistTools.CalendarProxy.Library.Tests/Taurit.TodoistTools.CalendarProxy.Library.Tests.csproj" />
  <Project
    Path="Taurit.TodoistTools.CalendarProxy.Library/Taurit.TodoistTools.CalendarProxy.Library.csproj" />
  <Project
    Path="Taurit.TodoistTools.CalendarProxy.Serverless/Taurit.TodoistTools.CalendarProxy.Serverless.csproj" />
</Solution>